
Microsoft Visual Studio Solution File, Format Version 12.00
Project("{FAE04EC0-301F-11D3-BF4B-00C04F79EFBC}") = "moldovabolgaria_bot", "moldovabolgaria_bot.csproj", "{C27CED8D-6B04-40CC-89F0-98D880DF7F40}"
EndProject
Global
	GlobalSection(SolutionConfigurationPlatforms) = preSolution
		Debug|Any CPU = Debug|Any CPU
		Release|Any CPU = Release|Any CPU
	EndGlobalSection
	GlobalSection(ProjectConfigurationPlatforms) = postSolution
		{C27CED8D-6B04-40CC-89F0-98D880DF7F40}.Debug|Any CPU.ActiveCfg = Debug|Any CPU
		{C27CED8D-6B04-40CC-89F0-98D880DF7F40}.Debug|Any CPU.Build.0 = Debug|Any CPU
		{C27CED8D-6B04-40CC-89F0-98D880DF7F40}.Release|Any CPU.ActiveCfg = Release|Any CPU
		{C27CED8D-6B04-40CC-89F0-98D880DF7F40}.Release|Any CPU.Build.0 = Release|Any CPU
	EndGlobalSection
EndGlobal
